
Microsoft Visual Studio Solution File, Format Version 12.00
# Visual Studio Version 17
VisualStudioVersion = 17.14.36717.8
MinimumVisualStudioVersion = 10.0.40219.1
Project("{FAE04EC0-301F-11D3-BF4B-00C04F79EFBC}") = "Extract.To.Ltn", "Extract.To.Ltn\Extract.To.Ltn.csproj", "{99771360-C3C0-4DA1-BDFE-1486A0B50DB7}"
EndProject
Project("{2150E333-8FDC-42A3-9474-1A3956D46DE8}") = "YASoft", "YASoft", "{02EA681E-C7D8-13C7-8484-4AC65E1B71E8}"
EndProject
Project("{2150E333-8FDC-42A3-9474-1A3956D46DE8}") = "Sgrin", "Sgrin", "{0EFE3D8D-B86E-49F3-AFAF-3433E3E3A8B6}"
EndProject
Project("{2150E333-8FDC-42A3-9474-1A3956D46DE8}") = "f472Ltn", "f472Ltn", "{15BBFDBB-2360-4CB2-820A-2B97B0B7B740}"
EndProject
Project("{FAE04EC0-301F-11D3-BF4B-00C04F79EFBC}") = "OLatino", "..\..\..\LATINOGIS\f472Ltn\f2latinoobjects\OLatino.csproj", "{9F94A558-72A0-487A-8576-A194C516A532}"
EndProject
Project("{FAE04EC0-301F-11D3-BF4B-00C04F79EFBC}") = "LtnToWkt.Bwl", "..\..\..\LATINOGIS\f472Ltn\LtnToWkt.Bwl\LtnToWkt.Bwl.csproj", "{55A24982-6FEE-4A8D-B68A-795D7AD54ADB}"
EndProject
Project("{FAE04EC0-301F-11D3-BF4B-00C04F79EFBC}") = "Sgrin.Utils", "..\..\..\LATINOGIS\Sgrin.Utils\Sgrin.Utils\Sgrin.Utils.csproj", "{7364FC1A-4016-48B6-81BB-58D54EDEC4BD}"
EndProject
Project("{FAE04EC0-301F-11D3-BF4B-00C04F79EFBC}") = "YASoft.Utils", "..\..\..\YASoft.Utils\YASoft.Utils\YASoft.Utils.csproj", "{F7A5843C-1B1B-4F8B-9124-7777B454B89C}"
EndProject
Project("{FAE04EC0-301F-11D3-BF4B-00C04F79EFBC}") = "Aceras.Models", "Aceras.Models\Aceras.Models.csproj", "{1ABD8719-C900-4390-9EBC-CA0130A59C52}"
EndProject
Project("{FAE04EC0-301F-11D3-BF4B-00C04F79EFBC}") = "YASoft.WinForms", "..\..\..\YASoft.Utils\YASoft.WinForms\YASoft.WinForms.csproj", "{758CC459-69F5-467E-BA7A-2E593F5C9AA8}"
EndProject
Project("{FAE04EC0-301F-11D3-BF4B-00C04F79EFBC}") = "YASoft.WinForms.MsSql", "..\..\..\YASoft.Utils\YASoft.WinForms.MsSql\YASoft.WinForms.MsSql.csproj", "{015B0F4D-1064-4E97-B347-2C345AE3C25F}"
EndProject
Project("{FAE04EC0-301F-11D3-BF4B-00C04F79EFBC}") = "Sgrin.WinForms", "..\..\..\LATINOGIS\Sgrin.Utils\Sgrin.WinForms\Sgrin.WinForms.csproj", "{820EC025-4B9B-4024-8A5A-B257A0F9E19A}"
EndProject
Project("{FAE04EC0-301F-11D3-BF4B-00C04F79EFBC}") = "Sgrin.Wkt", "..\..\..\LATINOGIS\Sgrin.Utils\Sgrin.Wkt\Sgrin.Wkt.csproj", "{970817A0-CFCB-4B2F-8811-CD21460B0617}"
EndProject
Project("{FAE04EC0-301F-11D3-BF4B-00C04F79EFBC}") = "Sgrin.Wkt.Gdal", "..\..\..\LATINOGIS\Sgrin.Utils\Sgrin.Wkt.Gdal\Sgrin.Wkt.Gdal.csproj", "{CA2AF3C7-AD59-4737-B9DE-ABEF4FD8029E}"
EndProject
Project("{FAE04EC0-301F-11D3-BF4B-00C04F79EFBC}") = "Sgrin.Gdal", "..\..\..\LATINOGIS\Sgrin.Utils\Sgrin.Gdal\Sgrin.Gdal.csproj", "{094F199C-534D-47B3-B5B2-6438926E3B25}"
EndProject
Project("{FAE04EC0-301F-11D3-BF4B-00C04F79EFBC}") = "Sgrin.LtnToSqlServerTypes", "..\..\..\LATINOGIS\Sgrin.Utils\Sgrin.LtnToSqlServerTypes\Sgrin.LtnToSqlServerTypes.csproj", "{C81E4FF9-170B-45A0-A673-DAD97A96AB4C}"
EndProject
Project("{FAE04EC0-301F-11D3-BF4B-00C04F79EFBC}") = "Sgrin.Models", "..\..\..\LATINOGIS\Sgrin.Utils\Sgrin.Models\Sgrin.Models.csproj", "{CD8EC4BD-A205-4660-8AF8-4519712D34D9}"
EndProject
Project("{FAE04EC0-301F-11D3-BF4B-00C04F79EFBC}") = "YASoft.Dapper", "..\..\..\YASoft.Utils\YASoft.Dapper\YASoft.Dapper.csproj", "{061B1B5D-F26B-4A26-9388-237BFA4B51CE}"
EndProject
Project("{FAE04EC0-301F-11D3-BF4B-00C04F79EFBC}") = "YASoft.Nlog", "..\..\..\YASoft.Utils\YASoft.Nlog\YASoft.Nlog.csproj", "{402852E3-2267-4EAF-8CCC-C65244098D06}"
EndProject
Project("{FAE04EC0-301F-11D3-BF4B-00C04F79EFBC}") = "YASoft.Sql", "..\..\..\YASoft.Utils\YASoft.Sql\YASoft.Sql.csproj", "{4DCFEC59-469F-4DC8-A7C0-C69FA021F96C}"
EndProject
Project("{FAE04EC0-301F-11D3-BF4B-00C04F79EFBC}") = "YASoft.SqlServer.Types", "..\..\..\YASoft.Utils\YASoft.SqlServer.Types\YASoft.SqlServer.Types.csproj", "{8558E793-7504-4CB3-832B-19B6F61353B2}"
EndProject
Global
	GlobalSection(SolutionConfigurationPlatforms) = preSolution
		Debug|Any CPU = Debug|Any CPU
		Release|Any CPU = Release|Any CPU
	EndGlobalSection
	GlobalSection(ProjectConfigurationPlatforms) = postSolution
		{99771360-C3C0-4DA1-BDFE-1486A0B50DB7}.Debug|Any CPU.ActiveCfg = Debug|Any CPU
		{99771360-C3C0-4DA1-BDFE-1486A0B50DB7}.Debug|Any CPU.Build.0 = Debug|Any CPU
		{99771360-C3C0-4DA1-BDFE-1486A0B50DB7}.Release|Any CPU.ActiveCfg = Release|Any CPU
		{99771360-C3C0-4DA1-BDFE-1486A0B50DB7}.Release|Any CPU.Build.0 = Release|Any CPU
		{9F94A558-72A0-487A-8576-A194C516A532}.Debug|Any CPU.ActiveCfg = Debug|Any CPU
		{9F94A558-72A0-487A-8576-A194C516A532}.Debug|Any CPU.Build.0 = Debug|Any CPU
		{9F94A558-72A0-487A-8576-A194C516A532}.Release|Any CPU.ActiveCfg = Release|Any CPU
		{9F94A558-72A0-487A-8576-A194C516A532}.Release|Any CPU.Build.0 = Release|Any CPU
		{55A24982-6FEE-4A8D-B68A-795D7AD54ADB}.Debug|Any CPU.ActiveCfg = Debug|Any CPU
		{55A24982-6FEE-4A8D-B68A-795D7AD54ADB}.Debug|Any CPU.Build.0 = Debug|Any CPU
		{55A24982-6FEE-4A8D-B68A-795D7AD54ADB}.Release|Any CPU.ActiveCfg = Release|Any CPU
		{55A24982-6FEE-4A8D-B68A-795D7AD54ADB}.Release|Any CPU.Build.0 = Release|Any CPU
		{7364FC1A-4016-48B6-81BB-58D54EDEC4BD}.Debug|Any CPU.ActiveCfg = Debug|Any CPU
		{7364FC1A-4016-48B6-81BB-58D54EDEC4BD}.Debug|Any CPU.Build.0 = Debug|Any CPU
		{7364FC1A-4016-48B6-81BB-58D54EDEC4BD}.Release|Any CPU.ActiveCfg = Release|Any CPU
		{7364FC1A-4016-48B6-81BB-58D54EDEC4BD}.Release|Any CPU.Build.0 = Release|Any CPU
		{F7A5843C-1B1B-4F8B-9124-7777B454B89C}.Debug|Any CPU.ActiveCfg = Debug|Any CPU
		{F7A5843C-1B1B-4F8B-9124-7777B454B89C}.Debug|Any CPU.Build.0 = Debug|Any CPU
		{F7A5843C-1B1B-4F8B-9124-7777B454B89C}.Release|Any CPU.ActiveCfg = Release|Any CPU
		{F7A5843C-1B1B-4F8B-9124-7777B454B89C}.Release|Any CPU.Build.0 = Release|Any CPU
		{1ABD8719-C900-4390-9EBC-CA0130A59C52}.Debug|Any CPU.ActiveCfg = Debug|Any CPU
		{1ABD8719-C900-4390-9EBC-CA0130A59C52}.Debug|Any CPU.Build.0 = Debug|Any CPU
		{1ABD8719-C900-4390-9EBC-CA0130A59C52}.Release|Any CPU.ActiveCfg = Release|Any CPU
		{1ABD8719-C900-4390-9EBC-CA0130A59C52}.Release|Any CPU.Build.0 = Release|Any CPU
		{758CC459-69F5-467E-BA7A-2E593F5C9AA8}.Debug|Any CPU.ActiveCfg = Debug|Any CPU
		{758CC459-69F5-467E-BA7A-2E593F5C9AA8}.Debug|Any CPU.Build.0 = Debug|Any CPU
		{758CC459-69F5-467E-BA7A-2E593F5C9AA8}.Release|Any CPU.ActiveCfg = Release|Any CPU
		{758CC459-69F5-467E-BA7A-2E593F5C9AA8}.Release|Any CPU.Build.0 = Release|Any CPU
		{015B0F4D-1064-4E97-B347-2C345AE3C25F}.Debug|Any CPU.ActiveCfg = Debug|Any CPU
		{015B0F4D-1064-4E97-B347-2C345AE3C25F}.Debug|Any CPU.Build.0 = Debug|Any CPU
		{015B0F4D-1064-4E97-B347-2C345AE3C25F}.Release|Any CPU.ActiveCfg = Release|Any CPU
		{015B0F4D-1064-4E97-B347-2C345AE3C25F}.Release|Any CPU.Build.0 = Release|Any CPU
		{820EC025-4B9B-4024-8A5A-B257A0F9E19A}.Debug|Any CPU.ActiveCfg = Debug|Any CPU
		{820EC025-4B9B-4024-8A5A-B257A0F9E19A}.Debug|Any CPU.Build.0 = Debug|Any CPU
		{820EC025-4B9B-4024-8A5A-B257A0F9E19A}.Release|Any CPU.ActiveCfg = Release|Any CPU
		{820EC025-4B9B-4024-8A5A-B257A0F9E19A}.Release|Any CPU.Build.0 = Release|Any CPU
		{970817A0-CFCB-4B2F-8811-CD21460B0617}.Debug|Any CPU.ActiveCfg = Debug|Any CPU
		{970817A0-CFCB-4B2F-8811-CD21460B0617}.Debug|Any CPU.Build.0 = Debug|Any CPU
		{970817A0-CFCB-4B2F-8811-CD21460B0617}.Release|Any CPU.ActiveCfg = Release|Any CPU
		{970817A0-CFCB-4B2F-8811-CD21460B0617}.Release|Any CPU.Build.0 = Release|Any CPU
		{CA2AF3C7-AD59-4737-B9DE-ABEF4FD8029E}.Debug|Any CPU.ActiveCfg = Debug|Any CPU
		{CA2AF3C7-AD59-4737-B9DE-ABEF4FD8029E}.Debug|Any CPU.Build.0 = Debug|Any CPU
		{CA2AF3C7-AD59-4737-B9DE-ABEF4FD8029E}.Release|Any CPU.ActiveCfg = Release|Any CPU
		{CA2AF3C7-AD59-4737-B9DE-ABEF4FD8029E}.Release|Any CPU.Build.0 = Release|Any CPU
		{094F199C-534D-47B3-B5B2-6438926E3B25}.Debug|Any CPU.ActiveCfg = Debug|Any CPU
		{094F199C-534D-47B3-B5B2-6438926E3B25}.Debug|Any CPU.Build.0 = Debug|Any CPU
		{094F199C-534D-47B3-B5B2-6438926E3B25}.Release|Any CPU.ActiveCfg = Release|Any CPU
		{094F199C-534D-47B3-B5B2-6438926E3B25}.Release|Any CPU.Build.0 = Release|Any CPU
		{C81E4FF9-170B-45A0-A673-DAD97A96AB4C}.Debug|Any CPU.ActiveCfg = Debug|Any CPU
		{C81E4FF9-170B-45A0-A673-DAD97A96AB4C}.Debug|Any CPU.Build.0 = Debug|Any CPU
		{C81E4FF9-170B-45A0-A673-DAD97A96AB4C}.Release|Any CPU.ActiveCfg = Release|Any CPU
		{C81E4FF9-170B-45A0-A673-DAD97A96AB4C}.Release|Any CPU.Build.0 = Release|Any CPU
		{CD8EC4BD-A205-4660-8AF8-4519712D34D9}.Debug|Any CPU.ActiveCfg = Debug|Any CPU
		{CD8EC4BD-A205-4660-8AF8-4519712D34D9}.Debug|Any CPU.Build.0 = Debug|Any CPU
		{CD8EC4BD-A205-4660-8AF8-4519712D34D9}.Release|Any CPU.ActiveCfg = Release|Any CPU
		{CD8EC4BD-A205-4660-8AF8-4519712D34D9}.Release|Any CPU.Build.0 = Release|Any CPU
		{061B1B5D-F26B-4A26-9388-237BFA4B51CE}.Debug|Any CPU.ActiveCfg = Debug|Any CPU
		{061B1B5D-F26B-4A26-9388-237BFA4B51CE}.Debug|Any CPU.Build.0 = Debug|Any CPU
		{061B1B5D-F26B-4A26-9388-237BFA4B51CE}.Release|Any CPU.ActiveCfg = Release|Any CPU
		{061B1B5D-F26B-4A26-9388-237BFA4B51CE}.Release|Any CPU.Build.0 = Release|Any CPU
		{402852E3-2267-4EAF-8CCC-C65244098D06}.Debug|Any CPU.ActiveCfg = Debug|Any CPU
		{402852E3-2267-4EAF-8CCC-C65244098D06}.Debug|Any CPU.Build.0 = Debug|Any CPU
		{402852E3-2267-4EAF-8CCC-C65244098D06}.Release|Any CPU.ActiveCfg = Release|Any CPU
		{402852E3-2267-4EAF-8CCC-C65244098D06}.Release|Any CPU.Build.0 = Release|Any CPU
		{4DCFEC59-469F-4DC8-A7C0-C69FA021F96C}.Debug|Any CPU.ActiveCfg = Debug|Any CPU
		{4DCFEC59-469F-4DC8-A7C0-C69FA021F96C}.Debug|Any CPU.Build.0 = Debug|Any CPU
		{4DCFEC59-469F-4DC8-A7C0-C69FA021F96C}.Release|Any CPU.ActiveCfg = Release|Any CPU
		{4DCFEC59-469F-4DC8-A7C0-C69FA021F96C}.Release|Any CPU.Build.0 = Release|Any CPU
		{8558E793-7504-4CB3-832B-19B6F61353B2}.Debug|Any CPU.ActiveCfg = Debug|Any CPU
		{8558E793-7504-4CB3-832B-19B6F61353B2}.Debug|Any CPU.Build.0 = Debug|Any CPU
		{8558E793-7504-4CB3-832B-19B6F61353B2}.Release|Any CPU.ActiveCfg = Release|Any CPU
		{8558E793-7504-4CB3-832B-19B6F61353B2}.Release|Any CPU.Build.0 = Release|Any CPU
	EndGlobalSection
	GlobalSection(SolutionProperties) = preSolution
		HideSolutionNode = FALSE
	EndGlobalSection
	GlobalSection(NestedProjects) = preSolution
		{9F94A558-72A0-487A-8576-A194C516A532} = {15BBFDBB-2360-4CB2-820A-2B97B0B7B740}
		{55A24982-6FEE-4A8D-B68A-795D7AD54ADB} = {15BBFDBB-2360-4CB2-820A-2B97B0B7B740}
		{7364FC1A-4016-48B6-81BB-58D54EDEC4BD} = {0EFE3D8D-B86E-49F3-AFAF-3433E3E3A8B6}
		{F7A5843C-1B1B-4F8B-9124-7777B454B89C} = {02EA681E-C7D8-13C7-8484-4AC65E1B71E8}
		{758CC459-69F5-467E-BA7A-2E593F5C9AA8} = {02EA681E-C7D8-13C7-8484-4AC65E1B71E8}
		{015B0F4D-1064-4E97-B347-2C345AE3C25F} = {02EA681E-C7D8-13C7-8484-4AC65E1B71E8}
		{820EC025-4B9B-4024-8A5A-B257A0F9E19A} = {0EFE3D8D-B86E-49F3-AFAF-3433E3E3A8B6}
		{970817A0-CFCB-4B2F-8811-CD21460B0617} = {0EFE3D8D-B86E-49F3-AFAF-3433E3E3A8B6}
		{CA2AF3C7-AD59-4737-B9DE-ABEF4FD8029E} = {0EFE3D8D-B86E-49F3-AFAF-3433E3E3A8B6}
		{094F199C-534D-47B3-B5B2-6438926E3B25} = {0EFE3D8D-B86E-49F3-AFAF-3433E3E3A8B6}
		{C81E4FF9-170B-45A0-A673-DAD97A96AB4C} = {0EFE3D8D-B86E-49F3-AFAF-3433E3E3A8B6}
		{CD8EC4BD-A205-4660-8AF8-4519712D34D9} = {0EFE3D8D-B86E-49F3-AFAF-3433E3E3A8B6}
		{061B1B5D-F26B-4A26-9388-237BFA4B51CE} = {02EA681E-C7D8-13C7-8484-4AC65E1B71E8}
		{402852E3-2267-4EAF-8CCC-C65244098D06} = {02EA681E-C7D8-13C7-8484-4AC65E1B71E8}
		{4DCFEC59-469F-4DC8-A7C0-C69FA021F96C} = {02EA681E-C7D8-13C7-8484-4AC65E1B71E8}
		{8558E793-7504-4CB3-832B-19B6F61353B2} = {02EA681E-C7D8-13C7-8484-4AC65E1B71E8}
	EndGlobalSection
	GlobalSection(ExtensibilityGlobals) = postSolution
		SolutionGuid = {301AB4FF-5ABA-4AC2-8AFB-0CB3E5441538}
	EndGlobalSection
EndGlobal
